
Microsoft Visual Studio Solution File, Format Version 12.00
# Visual Studio Version 16
VisualStudioVersion = 16.0.30011.22
MinimumVisualStudioVersion = 10.0.40219.1
Project("{9A19103F-16F7-4668-BE54-9A1E7A4F7556}") = "Entities", "Entities\Entities.csproj", "{0A7F8CAE-A250-4149-A697-2B105D292DAF}"
EndProject
Project("{9A19103F-16F7-4668-BE54-9A1E7A4F7556}") = "Repositories", "Repositories\Repositories.csproj", "{A07FA696-A61D-4D71-871D-0F5415E44A5B}"
EndProject
Project("{9A19103F-16F7-4668-BE54-9A1E7A4F7556}") = "DatabaseContext", "DatabaseContext\DatabaseContext.csproj", "{17B37452-12AC-40B7-9681-A7D10A25ECD4}"
EndProject
Project("{9A19103F-16F7-4668-BE54-9A1E7A4F7556}") = "StudentGradingDB.UnitTests", "StudentGradingDB.UnitTests\StudentGradingDB.UnitTests.csproj", "{BB440F52-FF7B-4CD9-AFEE-80355A745AB9}"
EndProject
Global
	GlobalSection(SolutionConfigurationPlatforms) = preSolution
		Debug|Any CPU = Debug|Any CPU
		Release|Any CPU = Release|Any CPU
	EndGlobalSection
	GlobalSection(ProjectConfigurationPlatforms) = postSolution
		{0A7F8CAE-A250-4149-A697-2B105D292DAF}.Debug|Any CPU.ActiveCfg = Debug|Any CPU
		{0A7F8CAE-A250-4149-A697-2B105D292DAF}.Debug|Any CPU.Build.0 = Debug|Any CPU
		{0A7F8CAE-A250-4149-A697-2B105D292DAF}.Release|Any CPU.ActiveCfg = Release|Any CPU
		{0A7F8CAE-A250-4149-A697-2B105D292DAF}.Release|Any CPU.Build.0 = Release|Any CPU
		{A07FA696-A61D-4D71-871D-0F5415E44A5B}.Debug|Any CPU.ActiveCfg = Debug|Any CPU
		{A07FA696-A61D-4D71-871D-0F5415E44A5B}.Debug|Any CPU.Build.0 = Debug|Any CPU
		{A07FA696-A61D-4D71-871D-0F5415E44A5B}.Release|Any CPU.ActiveCfg = Release|Any CPU
		{A07FA696-A61D-4D71-871D-0F5415E44A5B}.Release|Any CPU.Build.0 = Release|Any CPU
		{17B37452-12AC-40B7-9681-A7D10A25ECD4}.Debug|Any CPU.ActiveCfg = Debug|Any CPU
		{17B37452-12AC-40B7-9681-A7D10A25ECD4}.Debug|Any CPU.Build.0 = Debug|Any CPU
		{17B37452-12AC-40B7-9681-A7D10A25ECD4}.Release|Any CPU.ActiveCfg = Release|Any CPU
		{17B37452-12AC-40B7-9681-A7D10A25ECD4}.Release|Any CPU.Build.0 = Release|Any CPU
		{BB440F52-FF7B-4CD9-AFEE-80355A745AB9}.Debug|Any CPU.ActiveCfg = Debug|Any CPU
		{BB440F52-FF7B-4CD9-AFEE-80355A745AB9}.Debug|Any CPU.Build.0 = Debug|Any CPU
		{BB440F52-FF7B-4CD9-AFEE-80355A745AB9}.Release|Any CPU.ActiveCfg = Release|Any CPU
		{BB440F52-FF7B-4CD9-AFEE-80355A745AB9}.Release|Any CPU.Build.0 = Release|Any CPU
	EndGlobalSection
	GlobalSection(SolutionProperties) = preSolution
		HideSolutionNode = FALSE
	EndGlobalSection
	GlobalSection(ExtensibilityGlobals) = postSolution
		SolutionGuid = {B33C44DF-82A7-452B-B436-525C713755F3}
	EndGlobalSection
EndGlobal
